lockfileVersion: 6.0

importers:
  .:
    dependencies:
      react: 18.2.0
      react-dom: 18.2.0
    specifiers:
      react: ^18.2.0
      react-dom: ^18.2.0

packages:
  /react/18.2.0:
    resolution:
      integrity: sha512-...
    engines:
      node: '>=12'

  /react-dom/18.2.0:
    resolution:
      integrity: sha512-...
    engines:
      node: '>=12'
